{
  "name": "unicode-latex",
  "version": "1.1.2",
  "lockfileVersion": 2,
  "requires": true,
  "packages": {
    "": {
      "name": "unicode-latex",
      "version": "1.1.2",
      "dependencies": {
        "@types/node": "^6.0.40",
        "@types/vscode": "^1.66.0",
        "typescript": "^2.0.3"
      },
      "devDependencies": {
        "@types/node": "^6.0.40",
        "@types/vscode": "^1.66.0",
        "typescript": "^2.0.3"
      },
      "engines": {
        "vscode": "^1.17.0"
      }
    },
    "node_modules/@types/node": {
      "version": "6.0.92",
      "resolved": "https://registry.npmjs.org/@types/node/-/node-6.0.92.tgz",
      "integrity": "sha512-awEYSSTn7dauwVCYSx2CJaPTu0Z1Ht2oR1b2AD3CYao6ZRb+opb6EL43fzmD7eMFgMHzTBWSUzlWSD+S8xN0Nw==",
      "dev": true
    },
    "node_modules/@types/vscode": {
      "version": "1.66.0",
      "resolved": "https://registry.npmjs.org/@types/vscode/-/vscode-1.66.0.tgz",
      "integrity": "sha512-ZfJck4M7nrGasfs4A4YbUoxis3Vu24cETw3DERsNYtDZmYSYtk6ljKexKFKhImO/ZmY6ZMsmegu2FPkXoUFImA==",
      "dev": true
    },
    "node_modules/typescript": {
      "version": "2.6.1",
      "resolved": "https://registry.npmjs.org/typescript/-/typescript-2.6.1.tgz",
      "integrity": "sha1-7znN6ierrAtQAkLWcmq5DgyEZjE=",
      "dev": true,
      "bin": {
        "tsc": "bin/tsc",
        "tsserver": "bin/tsserver"
      },
      "engines": {
        "node": ">=4.2.0"
      }
    }
  },
  "dependencies": {
    "@types/node": {
      "version": "6.0.92",
      "resolved": "https://registry.npmjs.org/@types/node/-/node-6.0.92.tgz",
      "integrity": "sha512-awEYSSTn7dauwVCYSx2CJaPTu0Z1Ht2oR1b2AD3CYao6ZRb+opb6EL43fzmD7eMFgMHzTBWSUzlWSD+S8xN0Nw==",
      "dev": true
    },
    "@types/vscode": {
      "version": "1.66.0",
      "resolved": "https://registry.npmjs.org/@types/vscode/-/vscode-1.66.0.tgz",
      "integrity": "sha512-ZfJck4M7nrGasfs4A4YbUoxis3Vu24cETw3DERsNYtDZmYSYtk6ljKexKFKhImO/ZmY6ZMsmegu2FPkXoUFImA==",
      "dev": true
    },
    "typescript": {
      "version": "2.6.1",
      "resolved": "https://registry.npmjs.org/typescript/-/typescript-2.6.1.tgz",
      "integrity": "sha1-7znN6ierrAtQAkLWcmq5DgyEZjE=",
      "dev": true
    }
  }
}
