# THIS IS AN AUTOGENERATED FILE. DO NOT EDIT THIS FILE DIRECTLY.
# yarn lockfile v1


"@types/node@^6.0.40":
  "integrity" "sha512-awEYSSTn7dauwVCYSx2CJaPTu0Z1Ht2oR1b2AD3CYao6ZRb+opb6EL43fzmD7eMFgMHzTBWSUzlWSD+S8xN0Nw=="
  "resolved" "https://registry.npmjs.org/@types/node/-/node-6.0.92.tgz"
  "version" "6.0.92"

"@types/vscode@^1.38.0":
  "integrity" "sha512-ZfJck4M7nrGasfs4A4YbUoxis3Vu24cETw3DERsNYtDZmYSYtk6ljKexKFKhImO/ZmY6ZMsmegu2FPkXoUFImA=="
  "resolved" "https://registry.npmjs.org/@types/vscode/-/vscode-1.66.0.tgz"
  "version" "1.66.0"
